
Microsoft Visual Studio Solution File, Format Version 12.00
# Visual Studio Version 16
VisualStudioVersion = 16.0.30523.141
MinimumVisualStudioVersion = 10.0.40219.1
Project("{FAE04EC0-301F-11D3-BF4B-00C04F79EFBC}") = "NewFeatureTest", "NewFeatureTest\NewFeatureTest.csproj", "{ACB47263-4DD3-428A-BB2B-C57B26F01C69}"
EndProject
Global
	GlobalSection(SolutionConfigurationPlatforms) = preSolution
		Debug|Any CPU = Debug|Any CPU
		Release|Any CPU = Release|Any CPU
	EndGlobalSection
	GlobalSection(ProjectConfigurationPlatforms) = postSolution
		{ACB47263-4DD3-428A-BB2B-C57B26F01C69}.Debug|Any CPU.ActiveCfg = Debug|Any CPU
		{ACB47263-4DD3-428A-BB2B-C57B26F01C69}.Debug|Any CPU.Build.0 = Debug|Any CPU
		{ACB47263-4DD3-428A-BB2B-C57B26F01C69}.Release|Any CPU.ActiveCfg = Release|Any CPU
		{ACB47263-4DD3-428A-BB2B-C57B26F01C69}.Release|Any CPU.Build.0 = Release|Any CPU
	EndGlobalSection
	GlobalSection(SolutionProperties) = preSolution
		HideSolutionNode = FALSE
	EndGlobalSection
	GlobalSection(ExtensibilityGlobals) = postSolution
		SolutionGuid = {F4FE0DE6-DD2B-49CB-9DB3-9B5B2F500008}
	EndGlobalSection
EndGlobal
